
Microsoft Visual Studio Solution File, Format Version 12.00
# Visual Studio Version 17
VisualStudioVersion = 17.0.31903.59
MinimumVisualStudioVersion = 10.0.40219.1
Project("{2150E333-8FDC-42A3-9474-1A3956D46DE8}") = "src", "src", "{8DB8CD50-4E55-4753-8D32-5576FC5CE8AD}"
EndProject
Project("{FAE04EC0-301F-11D3-BF4B-00C04F79EFBC}") = "AuctionService", "src\AuctionService\AuctionService.csproj", "{8236A3DA-DECB-4870-A23A-044A3CB37217}"
EndProject
Project("{FAE04EC0-301F-11D3-BF4B-00C04F79EFBC}") = "SearchService", "src\SearchService\SearchService.csproj", "{B0FEC575-36EF-4466-9796-73FDCE561492}"
EndProject
Project("{FAE04EC0-301F-11D3-BF4B-00C04F79EFBC}") = "Contracts", "src\Contracts\Contracts.csproj", "{D705FD48-8659-4338-93DA-D01030324D07}"
EndProject
Project("{FAE04EC0-301F-11D3-BF4B-00C04F79EFBC}") = "IdentityService", "src\IdentityService\IdentityService.csproj", "{F91C1363-9A06-42F9-80FE-C6B92BF0C754}"
EndProject
Project("{FAE04EC0-301F-11D3-BF4B-00C04F79EFBC}") = "GatewayService", "src\GatewayService\GatewayService.csproj", "{3833F723-C473-4A44-B5BB-3027D7713887}"
EndProject
Global
	GlobalSection(SolutionConfigurationPlatforms) = preSolution
		Debug|Any CPU = Debug|Any CPU
		Release|Any CPU = Release|Any CPU
	EndGlobalSection
	GlobalSection(SolutionProperties) = preSolution
		HideSolutionNode = FALSE
	EndGlobalSection
	GlobalSection(ProjectConfigurationPlatforms) = postSolution
		{8236A3DA-DECB-4870-A23A-044A3CB37217}.Debug|Any CPU.ActiveCfg = Debug|Any CPU
		{8236A3DA-DECB-4870-A23A-044A3CB37217}.Debug|Any CPU.Build.0 = Debug|Any CPU
		{8236A3DA-DECB-4870-A23A-044A3CB37217}.Release|Any CPU.ActiveCfg = Release|Any CPU
		{8236A3DA-DECB-4870-A23A-044A3CB37217}.Release|Any CPU.Build.0 = Release|Any CPU
		{B0FEC575-36EF-4466-9796-73FDCE561492}.Debug|Any CPU.ActiveCfg = Debug|Any CPU
		{B0FEC575-36EF-4466-9796-73FDCE561492}.Debug|Any CPU.Build.0 = Debug|Any CPU
		{B0FEC575-36EF-4466-9796-73FDCE561492}.Release|Any CPU.ActiveCfg = Release|Any CPU
		{B0FEC575-36EF-4466-9796-73FDCE561492}.Release|Any CPU.Build.0 = Release|Any CPU
		{D705FD48-8659-4338-93DA-D01030324D07}.Debug|Any CPU.ActiveCfg = Debug|Any CPU
		{D705FD48-8659-4338-93DA-D01030324D07}.Debug|Any CPU.Build.0 = Debug|Any CPU
		{D705FD48-8659-4338-93DA-D01030324D07}.Release|Any CPU.ActiveCfg = Release|Any CPU
		{D705FD48-8659-4338-93DA-D01030324D07}.Release|Any CPU.Build.0 = Release|Any CPU
		{F91C1363-9A06-42F9-80FE-C6B92BF0C754}.Debug|Any CPU.ActiveCfg = Debug|Any CPU
		{F91C1363-9A06-42F9-80FE-C6B92BF0C754}.Debug|Any CPU.Build.0 = Debug|Any CPU
		{F91C1363-9A06-42F9-80FE-C6B92BF0C754}.Release|Any CPU.ActiveCfg = Release|Any CPU
		{F91C1363-9A06-42F9-80FE-C6B92BF0C754}.Release|Any CPU.Build.0 = Release|Any CPU
		{3833F723-C473-4A44-B5BB-3027D7713887}.Debug|Any CPU.ActiveCfg = Debug|Any CPU
		{3833F723-C473-4A44-B5BB-3027D7713887}.Debug|Any CPU.Build.0 = Debug|Any CPU
		{3833F723-C473-4A44-B5BB-3027D7713887}.Release|Any CPU.ActiveCfg = Release|Any CPU
		{3833F723-C473-4A44-B5BB-3027D7713887}.Release|Any CPU.Build.0 = Release|Any CPU
	EndGlobalSection
	GlobalSection(NestedProjects) = preSolution
		{8236A3DA-DECB-4870-A23A-044A3CB37217} = {8DB8CD50-4E55-4753-8D32-5576FC5CE8AD}
		{B0FEC575-36EF-4466-9796-73FDCE561492} = {8DB8CD50-4E55-4753-8D32-5576FC5CE8AD}
		{D705FD48-8659-4338-93DA-D01030324D07} = {8DB8CD50-4E55-4753-8D32-5576FC5CE8AD}
		{F91C1363-9A06-42F9-80FE-C6B92BF0C754} = {8DB8CD50-4E55-4753-8D32-5576FC5CE8AD}
		{3833F723-C473-4A44-B5BB-3027D7713887} = {8DB8CD50-4E55-4753-8D32-5576FC5CE8AD}
	EndGlobalSection
EndGlobal
